{
  "name": "@vee3/upload",
  "version": "0.1.1",
  "lockfileVersion": 3,
  "requires": true,
  "packages": {
    "": {
      "name": "@vee3/upload",
      "version": "0.1.1",
      "license": "MIT",
      "dependencies": {
        "@vee3/upload": "^0.1.1"
      },
      "bin": {
        "vee3-upload": "src/index.js"
      },
      "engines": {
        "node": ">=18"
      }
    },
    "node_modules/@vee3/upload": {
      "version": "0.1.1",
      "resolved": "https://registry.npmjs.org/@vee3/upload/-/upload-0.1.1.tgz",
      "integrity": "sha512-UBAJD2oigJco04fZuHTk1K4F0L23hZMsDzpVxEUhzHzqBqjMdzZPQVRlhxqD0wkM3PHrdvRrAxDYMRAWIgRYGA==",
      "license": "MIT",
      "bin": {
        "vee3-upload": "src/index.js"
      },
      "engines": {
        "node": ">=18"
      }
    }
  }
}
